
Microsoft Visual Studio Solution File, Format Version 12.00
# Visual Studio Version 17
VisualStudioVersion = 17.7.34221.43
MinimumVisualStudioVersion = 10.0.40219.1
Project("{9A19103F-16F7-4668-BE54-9A1E7A4F7556}") = "HomeWork1", "HomeWork1\HomeWork1.csproj", "{7E44E851-D215-4239-9F34-4E360A33C1E3}"
EndProject
Project("{9A19103F-16F7-4668-BE54-9A1E7A4F7556}") = "HomeWork2", "HomeWork2\HomeWork2.csproj", "{A1EEB762-2C70-4CF4-95D6-EAE377FB7454}"
EndProject
Project("{9A19103F-16F7-4668-BE54-9A1E7A4F7556}") = "Maze_Path_Finder", "MazePathFinder\Maze_Path_Finder\Maze_Path_Finder.csproj", "{240C6E07-E8BD-4720-9EDB-2880DBCEFA12}"
EndProject
Project("{FAE04EC0-301F-11D3-BF4B-00C04F79EFBC}") = "TwentyOne", "HomeWork4\TwentyOne\TwentyOne\TwentyOne.csproj", "{138AA24B-8780-45AF-A9AB-75DEED44D83C}"
EndProject
Global
	GlobalSection(SolutionConfigurationPlatforms) = preSolution
		Debug|Any CPU = Debug|Any CPU
		Release|Any CPU = Release|Any CPU
	EndGlobalSection
	GlobalSection(ProjectConfigurationPlatforms) = postSolution
		{7E44E851-D215-4239-9F34-4E360A33C1E3}.Debug|Any CPU.ActiveCfg = Debug|Any CPU
		{7E44E851-D215-4239-9F34-4E360A33C1E3}.Debug|Any CPU.Build.0 = Debug|Any CPU
		{7E44E851-D215-4239-9F34-4E360A33C1E3}.Release|Any CPU.ActiveCfg = Release|Any CPU
		{7E44E851-D215-4239-9F34-4E360A33C1E3}.Release|Any CPU.Build.0 = Release|Any CPU
		{A1EEB762-2C70-4CF4-95D6-EAE377FB7454}.Debug|Any CPU.ActiveCfg = Debug|Any CPU
		{A1EEB762-2C70-4CF4-95D6-EAE377FB7454}.Debug|Any CPU.Build.0 = Debug|Any CPU
		{A1EEB762-2C70-4CF4-95D6-EAE377FB7454}.Release|Any CPU.ActiveCfg = Release|Any CPU
		{A1EEB762-2C70-4CF4-95D6-EAE377FB7454}.Release|Any CPU.Build.0 = Release|Any CPU
		{240C6E07-E8BD-4720-9EDB-2880DBCEFA12}.Debug|Any CPU.ActiveCfg = Debug|Any CPU
		{240C6E07-E8BD-4720-9EDB-2880DBCEFA12}.Debug|Any CPU.Build.0 = Debug|Any CPU
		{240C6E07-E8BD-4720-9EDB-2880DBCEFA12}.Release|Any CPU.ActiveCfg = Release|Any CPU
		{240C6E07-E8BD-4720-9EDB-2880DBCEFA12}.Release|Any CPU.Build.0 = Release|Any CPU
		{138AA24B-8780-45AF-A9AB-75DEED44D83C}.Debug|Any CPU.ActiveCfg = Debug|Any CPU
		{138AA24B-8780-45AF-A9AB-75DEED44D83C}.Debug|Any CPU.Build.0 = Debug|Any CPU
		{138AA24B-8780-45AF-A9AB-75DEED44D83C}.Release|Any CPU.ActiveCfg = Release|Any CPU
		{138AA24B-8780-45AF-A9AB-75DEED44D83C}.Release|Any CPU.Build.0 = Release|Any CPU
	EndGlobalSection
	GlobalSection(SolutionProperties) = preSolution
		HideSolutionNode = FALSE
	EndGlobalSection
	GlobalSection(ExtensibilityGlobals) = postSolution
		SolutionGuid = {F0931852-D51D-43EA-8E66-E6E5061D6468}
	EndGlobalSection
EndGlobal
