
Microsoft Visual Studio Solution File, Format Version 12.00
# Visual Studio Version 17
VisualStudioVersion = 17.8.34309.116
MinimumVisualStudioVersion = 10.0.40219.1
Project("{9A19103F-16F7-4668-BE54-9A1E7A4F7556}") = "DataStructuresTest", "..\DataTypeConsoleTest\DataStructuresTest.csproj", "{1F8CDF83-6F84-4067-8C7E-4644AD338403}"
EndProject
Project("{9A19103F-16F7-4668-BE54-9A1E7A4F7556}") = "DataStructuresLib", "..\DataStructuresLib\DataStructuresLib.csproj", "{B9FD71F0-5DE4-4905-8CDE-5C3B9BF6443F}"
EndProject
Project("{FAE04EC0-301F-11D3-BF4B-00C04F79EFBC}") = "CollectionInterfaces", "CollectionInterfaces\CollectionInterfaces.csproj", "{AC7C5A2B-B8E4-45FE-8EA0-CA05AEB0F557}"
EndProject
Global
	GlobalSection(SolutionConfigurationPlatforms) = preSolution
		Debug|Any CPU = Debug|Any CPU
		Release|Any CPU = Release|Any CPU
	EndGlobalSection
	GlobalSection(ProjectConfigurationPlatforms) = postSolution
		{1F8CDF83-6F84-4067-8C7E-4644AD338403}.Debug|Any CPU.ActiveCfg = Debug|Any CPU
		{1F8CDF83-6F84-4067-8C7E-4644AD338403}.Debug|Any CPU.Build.0 = Debug|Any CPU
		{1F8CDF83-6F84-4067-8C7E-4644AD338403}.Release|Any CPU.ActiveCfg = Release|Any CPU
		{1F8CDF83-6F84-4067-8C7E-4644AD338403}.Release|Any CPU.Build.0 = Release|Any CPU
		{B9FD71F0-5DE4-4905-8CDE-5C3B9BF6443F}.Debug|Any CPU.ActiveCfg = Debug|Any CPU
		{B9FD71F0-5DE4-4905-8CDE-5C3B9BF6443F}.Debug|Any CPU.Build.0 = Debug|Any CPU
		{B9FD71F0-5DE4-4905-8CDE-5C3B9BF6443F}.Release|Any CPU.ActiveCfg = Release|Any CPU
		{B9FD71F0-5DE4-4905-8CDE-5C3B9BF6443F}.Release|Any CPU.Build.0 = Release|Any CPU
		{AC7C5A2B-B8E4-45FE-8EA0-CA05AEB0F557}.Debug|Any CPU.ActiveCfg = Debug|Any CPU
		{AC7C5A2B-B8E4-45FE-8EA0-CA05AEB0F557}.Debug|Any CPU.Build.0 = Debug|Any CPU
		{AC7C5A2B-B8E4-45FE-8EA0-CA05AEB0F557}.Release|Any CPU.ActiveCfg = Release|Any CPU
		{AC7C5A2B-B8E4-45FE-8EA0-CA05AEB0F557}.Release|Any CPU.Build.0 = Release|Any CPU
	EndGlobalSection
	GlobalSection(SolutionProperties) = preSolution
		HideSolutionNode = FALSE
	EndGlobalSection
	GlobalSection(ExtensibilityGlobals) = postSolution
		SolutionGuid = {3A45C2A2-39E3-4D83-8C33-6B3A58E0FB75}
	EndGlobalSection
EndGlobal
